// !$*UTF8*$!
{
	archiveVersion = 1;
	classes = {
	};
	objectVersion = 50;
	objects = {

/* Begin PBXBuildFile section */
		A817CF10249CE20A00FA7124 /* Landmark.swift in Sources */ = {isa = PBXBuildFile; fileRef = A817CF0F249CE20A00FA7124 /* Landmark.swift */; };
		A817CF1F249CE2CC00FA7124 /* turtlerock.jpg in Resources */ = {isa = PBXBuildFile; fileRef = A817CF12249CE2CC00FA7124 /* turtlerock.jpg */; };
		A817CF20249CE2CC00FA7124 /* silversalmoncreek.jpg in Resources */ = {isa = PBXBuildFile; fileRef = A817CF13249CE2CC00FA7124 /* silversalmoncreek.jpg */; };
		A817CF21249CE2CC00FA7124 /* icybay.jpg in Resources */ = {isa = PBXBuildFile; fileRef = A817CF14249CE2CC00FA7124 /* icybay.jpg */; };
		A817CF22249CE2CC00FA7124 /* lakemcdonald.jpg in Resources */ = {isa = PBXBuildFile; fileRef = A817CF15249CE2CC00FA7124 /* lakemcdonald.jpg */; };
		A817CF23249CE2CC00FA7124 /* hiddenlake.jpg in Resources */ = {isa = PBXBuildFile; fileRef = A817CF16249CE2CC00FA7124 /* hiddenlake.jpg */; };
		A817CF24249CE2CC00FA7124 /* twinlake.jpg in Resources */ = {isa = PBXBuildFile; fileRef = A817CF17249CE2CC00FA7124 /* twinlake.jpg */; };
		A817CF25249CE2CC00FA7124 /* umbagog.jpg in Resources */ = {isa = PBXBuildFile; fileRef = A817CF18249CE2CC00FA7124 /* umbagog.jpg */; };
		A817CF26249CE2CC00FA7124 /* landmarkData.json in Resources */ = {isa = PBXBuildFile; fileRef = A817CF19249CE2CC00FA7124 /* landmarkData.json */; };
		A817CF27249CE2CC00FA7124 /* chincoteague.jpg in Resources */ = {isa = PBXBuildFile; fileRef = A817CF1A249CE2CC00FA7124 /* chincoteague.jpg */; };
		A817CF28249CE2CC00FA7124 /* yukon_charleyrivers.jpg in Resources */ = {isa = PBXBuildFile; fileRef = A817CF1B249CE2CC00FA7124 /* yukon_charleyrivers.jpg */; };
		A817CF29249CE2CC00FA7124 /* stmarylake.jpg in Resources */ = {isa = PBXBuildFile; fileRef = A817CF1C249CE2CC00FA7124 /* stmarylake.jpg */; };
		A817CF2A249CE2CC00FA7124 /* chilkoottrail.jpg in Resources */ = {isa = PBXBuildFile; fileRef = A817CF1D249CE2CC00FA7124 /* chilkoottrail.jpg */; };
		A817CF2B249CE2CC00FA7124 /* rainbowlake.jpg in Resources */ = {isa = PBXBuildFile; fileRef = A817CF1E249CE2CC00FA7124 /* rainbowlake.jpg */; };
		A817CF2D249CEDB600FA7124 /* LandmarkRow.swift in Sources */ = {isa = PBXBuildFile; fileRef = A817CF2C249CEDB600FA7124 /* LandmarkRow.swift */; };
		B984CB02249A45A60054E256 /* AppDelegate.swift in Sources */ = {isa = PBXBuildFile; fileRef = B984CB01249A45A60054E256 /* AppDelegate.swift */; };
		B984CB04249A45A60054E256 /* SceneDelegate.swift in Sources */ = {isa = PBXBuildFile; fileRef = B984CB03249A45A60054E256 /* SceneDelegate.swift */; };
		B984CB06249A45A60054E256 /* LandmarkDetail.swift in Sources */ = {isa = PBXBuildFile; fileRef = B984CB05249A45A60054E256 /* LandmarkDetail.swift */; };
		B984CB08249A45A80054E256 /* Assets.xcassets in Resources */ = {isa = PBXBuildFile; fileRef = B984CB07249A45A80054E256 /* Assets.xcassets */; };
		B984CB0B249A45A80054E256 /* Preview Assets.xcassets in Resources */ = {isa = PBXBuildFile; fileRef = B984CB0A249A45A80054E256 /* Preview Assets.xcassets */; };
		B984CB0E249A45A80054E256 /* LaunchScreen.storyboard in Resources */ = {isa = PBXBuildFile; fileRef = B984CB0C249A45A80054E256 /* LaunchScreen.storyboard */; };
		B984CB16249A48AA0054E256 /* MapView.swift in Sources */ = {isa = PBXBuildFile; fileRef = B984CB15249A48AA0054E256 /* MapView.swift */; };
		B984CB18249A49FF0054E256 /* CircleImage.swift in Sources */ = {isa = PBXBuildFile; fileRef = B984CB17249A49FF0054E256 /* CircleImage.swift */; };
/* End PBXBuildFile section */

/* Begin PBXFileReference section */
		A817CF0F249CE20A00FA7124 /* Landmark.swift */ = {isa = PBXFileReference; lastKnownFileType = sourcecode.swift; path = Landmark.swift; sourceTree = "<group>"; };
		A817CF12249CE2CC00FA7124 /* turtlerock.jpg */ = {isa = PBXFileReference; lastKnownFileType = image.jpeg; path = turtlerock.jpg; sourceTree = "<group>"; };
		A817CF13249CE2CC00FA7124 /* silversalmoncreek.jpg */ = {isa = PBXFileReference; lastKnownFileType = image.jpeg; path = silversalmoncreek.jpg; sourceTree = "<group>"; };
		A817CF14249CE2CC00FA7124 /* icybay.jpg */ = {isa = PBXFileReference; lastKnownFileType = image.jpeg; path = icybay.jpg; sourceTree = "<group>"; };
		A817CF15249CE2CC00FA7124 /* lakemcdonald.jpg */ = {isa = PBXFileReference; lastKnownFileType = image.jpeg; path = lakemcdonald.jpg; sourceTree = "<group>"; };
		A817CF16249CE2CC00FA7124 /* hiddenlake.jpg */ = {isa = PBXFileReference; lastKnownFileType = image.jpeg; path = hiddenlake.jpg; sourceTree = "<group>"; };
		A817CF17249CE2CC00FA7124 /* twinlake.jpg */ = {isa = PBXFileReference; lastKnownFileType = image.jpeg; path = twinlake.jpg; sourceTree = "<group>"; };
		A817CF18249CE2CC00FA7124 /* umbagog.jpg */ = {isa = PBXFileReference; lastKnownFileType = image.jpeg; path = umbagog.jpg; sourceTree = "<group>"; };
		A817CF19249CE2CC00FA7124 /* landmarkData.json */ = {isa = PBXFileReference; fileEncoding = 4; lastKnownFileType = text.json; path = landmarkData.json; sourceTree = "<group>"; };
		A817CF1A249CE2CC00FA7124 /* chincoteague.jpg */ = {isa = PBXFileReference; lastKnownFileType = image.jpeg; path = chincoteague.jpg; sourceTree = "<group>"; };
		A817CF1B249CE2CC00FA7124 /* yukon_charleyrivers.jpg */ = {isa = PBXFileReference; lastKnownFileType = image.jpeg; path = yukon_charleyrivers.jpg; sourceTree = "<group>"; };
		A817CF1C249CE2CC00FA7124 /* stmarylake.jpg */ = {isa = PBXFileReference; lastKnownFileType = image.jpeg; path = stmarylake.jpg; sourceTree = "<group>"; };
		A817CF1D249CE2CC00FA7124 /* chilkoottrail.jpg */ = {isa = PBXFileReference; lastKnownFileType = image.jpeg; path = chilkoottrail.jpg; sourceTree = "<group>"; };
		A817CF1E249CE2CC00FA7124 /* rainbowlake.jpg */ = {isa = PBXFileReference; lastKnownFileType = image.jpeg; path = rainbowlake.jpg; sourceTree = "<group>"; };
		A817CF2C249CEDB600FA7124 /* LandmarkRow.swift */ = {isa = PBXFileReference; lastKnownFileType = sourcecode.swift; path = LandmarkRow.swift; sourceTree = "<group>"; };
		B984CAFE249A45A60054E256 /* Landmarks.app */ = {isa = PBXFileReference; explicitFileType = wrapper.application; includeInIndex = 0; path = Landmarks.app; sourceTree = BUILT_PRODUCTS_DIR; };
		B984CB01249A45A60054E256 /* AppDelegate.swift */ = {isa = PBXFileReference; lastKnownFileType = sourcecode.swift; path = AppDelegate.swift; sourceTree = "<group>"; };
		B984CB03249A45A60054E256 /* SceneDelegate.swift */ = {isa = PBXFileReference; lastKnownFileType = sourcecode.swift; path = SceneDelegate.swift; sourceTree = "<group>"; };
		B984CB05249A45A60054E256 /* LandmarkDetail.swift */ = {isa = PBXFileReference; lastKnownFileType = sourcecode.swift; path = LandmarkDetail.swift; sourceTree = "<group>"; };
		B984CB07249A45A80054E256 /* Assets.xcassets */ = {isa = PBXFileReference; lastKnownFileType = folder.assetcatalog; path = Assets.xcassets; sourceTree = "<group>"; };
		B984CB0A249A45A80054E256 /* Preview Assets.xcassets */ = {isa = PBXFileReference; lastKnownFileType = folder.assetcatalog; path = "Preview Assets.xcassets"; sourceTree = "<group>"; };
		B984CB0D249A45A80054E256 /* Base */ = {isa = PBXFileReference; lastKnownFileType = file.storyboard; name = Base; path = Base.lproj/LaunchScreen.storyboard; sourceTree = "<group>"; };
		B984CB0F249A45A80054E256 /* Info.plist */ = {isa = PBXFileReference; lastKnownFileType = text.plist.xml; path = Info.plist; sourceTree = "<group>"; };
		B984CB15249A48AA0054E256 /* MapView.swift */ = {isa = PBXFileReference; lastKnownFileType = sourcecode.swift; path = MapView.swift; sourceTree = "<group>"; };
		B984CB17249A49FF0054E256 /* CircleImage.swift */ = {isa = PBXFileReference; lastKnownFileType = sourcecode.swift; path = CircleImage.swift; sourceTree = "<group>"; };
/* End PBXFileReference section */

/* Begin PBXFrameworksBuildPhase section */
		B984CAFB249A45A60054E256 /* Frameworks */ = {
			isa = PBXFrameworksBuildPhase;
			buildActionMask = 2147483647;
			files = (
			);
			runOnlyForDeploymentPostprocessing = 0;
		};
/* End PBXFrameworksBuildPhase section */

/* Begin PBXGroup section */
		A817CF11249CE2CC00FA7124 /* Resources */ = {
			isa = PBXGroup;
			children = (
				A817CF12249CE2CC00FA7124 /* turtlerock.jpg */,
				A817CF13249CE2CC00FA7124 /* silversalmoncreek.jpg */,
				A817CF14249CE2CC00FA7124 /* icybay.jpg */,
				A817CF15249CE2CC00FA7124 /* lakemcdonald.jpg */,
				A817CF16249CE2CC00FA7124 /* hiddenlake.jpg */,
				A817CF17249CE2CC00FA7124 /* twinlake.jpg */,
				A817CF18249CE2CC00FA7124 /* umbagog.jpg */,
				A817CF19249CE2CC00FA7124 /* landmarkData.json */,
				A817CF1A249CE2CC00FA7124 /* chincoteague.jpg */,
				A817CF1B249CE2CC00FA7124 /* yukon_charleyrivers.jpg */,
				A817CF1C249CE2CC00FA7124 /* stmarylake.jpg */,
				A817CF1D249CE2CC00FA7124 /* chilkoottrail.jpg */,
				A817CF1E249CE2CC00FA7124 /* rainbowlake.jpg */,
			);
			path = Resources;
			sourceTree = "<group>";
		};
		B984CAF5249A45A60054E256 = {
			isa = PBXGroup;
			children = (
				B984CB00249A45A60054E256 /* Landmarks */,
				B984CAFF249A45A60054E256 /* Products */,
			);
			sourceTree = "<group>";
		};
		B984CAFF249A45A60054E256 /* Products */ = {
			isa = PBXGroup;
			children = (
				B984CAFE249A45A60054E256 /* Landmarks.app */,
			);
			name = Products;
			sourceTree = "<group>";
		};
		B984CB00249A45A60054E256 /* Landmarks */ = {
			isa = PBXGroup;
			children = (
				B984CB01249A45A60054E256 /* AppDelegate.swift */,
				B984CB03249A45A60054E256 /* SceneDelegate.swift */,
				B984CB05249A45A60054E256 /* LandmarkDetail.swift */,
				A817CF2C249CEDB600FA7124 /* LandmarkRow.swift */,
				B984CB17249A49FF0054E256 /* CircleImage.swift */,
				B984CB15249A48AA0054E256 /* MapView.swift */,
				A817CF0F249CE20A00FA7124 /* Landmark.swift */,
				A817CF11249CE2CC00FA7124 /* Resources */,
				B984CB07249A45A80054E256 /* Assets.xcassets */,
				B984CB0C249A45A80054E256 /* LaunchScreen.storyboard */,
				B984CB0F249A45A80054E256 /* Info.plist */,
				B984CB09249A45A80054E256 /* Preview Content */,
			);
			path = Landmarks;
			sourceTree = "<group>";
		};
		B984CB09249A45A80054E256 /* Preview Content */ = {
			isa = PBXGroup;
			children = (
				B984CB0A249A45A80054E256 /* Preview Assets.xcassets */,
			);
			path = "Preview Content";
			sourceTree = "<group>";
		};
/* End PBXGroup section */

/* Begin PBXNativeTarget section */
		B984CAFD249A45A60054E256 /* Landmarks */ = {
			isa = PBXNativeTarget;
			buildConfigurationList = B984CB12249A45A80054E256 /* Build configuration list for PBXNativeTarget "Landmarks" */;
			buildPhases = (
				B984CAFA249A45A60054E256 /* Sources */,
				B984CAFB249A45A60054E256 /* Frameworks */,
				B984CAFC249A45A60054E256 /* Resources */,
			);
			buildRules = (
			);
			dependencies = (
			);
			name = Landmarks;
			productName = Landmarks;
			productReference = B984CAFE249A45A60054E256 /* Landmarks.app */;
			productType = "com.apple.product-type.application";
		};
/* End PBXNativeTarget section */

/* Begin PBXProject section */
		B984CAF6249A45A60054E256 /* Project object */ = {
			isa = PBXProject;
			attributes = {
				LastSwiftUpdateCheck = 1150;
				LastUpgradeCheck = 1150;
				ORGANIZATIONNAME = usk2000;
				TargetAttributes = {
					B984CAFD249A45A60054E256 = {
						CreatedOnToolsVersion = 11.5;
					};
				};
			};
			buildConfigurationList = B984CAF9249A45A60054E256 /* Build configuration list for PBXProject "Landmarks" */;
			compatibilityVersion = "Xcode 9.3";
			developmentRegion = en;
			hasScannedForEncodings = 0;
			knownRegions = (
				en,
				Base,
			);
			mainGroup = B984CAF5249A45A60054E256;
			productRefGroup = B984CAFF249A45A60054E256 /* Products */;
			projectDirPath = "";
			projectRoot = "";
			targets = (
				B984CAFD249A45A60054E256 /* Landmarks */,
			);
		};
/* End PBXProject section */

/* Begin PBXResourcesBuildPhase section */
		B984CAFC249A45A60054E256 /* Resources */ = {
			isa = PBXResourcesBuildPhase;
			buildActionMask = 2147483647;
			files = (
				A817CF22249CE2CC00FA7124 /* lakemcdonald.jpg in Resources */,
				A817CF20249CE2CC00FA7124 /* silversalmoncreek.jpg in Resources */,
				A817CF26249CE2CC00FA7124 /* landmarkData.json in Resources */,
				A817CF1F249CE2CC00FA7124 /* turtlerock.jpg in Resources */,
				B984CB0E249A45A80054E256 /* LaunchScreen.storyboard in Resources */,
				A817CF25249CE2CC00FA7124 /* umbagog.jpg in Resources */,
				A817CF29249CE2CC00FA7124 /* stmarylake.jpg in Resources */,
				A817CF27249CE2CC00FA7124 /* chincoteague.jpg in Resources */,
				B984CB0B249A45A80054E256 /* Preview Assets.xcassets in Resources */,
				A817CF21249CE2CC00FA7124 /* icybay.jpg in Resources */,
				A817CF24249CE2CC00FA7124 /* twinlake.jpg in Resources */,
				A817CF23249CE2CC00FA7124 /* hiddenlake.jpg in Resources */,
				B984CB08249A45A80054E256 /* Assets.xcassets in Resources */,
				A817CF2B249CE2CC00FA7124 /* rainbowlake.jpg in Resources */,
				A817CF2A249CE2CC00FA7124 /* chilkoottrail.jpg in Resources */,
				A817CF28249CE2CC00FA7124 /* yukon_charleyrivers.jpg in Resources */,
			);
			runOnlyForDeploymentPostprocessing = 0;
		};
/* End PBXResourcesBuildPhase section */

/* Begin PBXSourcesBuildPhase section */
		B984CAFA249A45A60054E256 /* Sources */ = {
			isa = PBXSourcesBuildPhase;
			buildActionMask = 2147483647;
			files = (
				B984CB02249A45A60054E256 /* AppDelegate.swift in Sources */,
				B984CB16249A48AA0054E256 /* MapView.swift in Sources */,
				B984CB04249A45A60054E256 /* SceneDelegate.swift in Sources */,
				B984CB06249A45A60054E256 /* LandmarkDetail.swift in Sources */,
				B984CB18249A49FF0054E256 /* CircleImage.swift in Sources */,
				A817CF2D249CEDB600FA7124 /* LandmarkRow.swift in Sources */,
				A817CF10249CE20A00FA7124 /* Landmark.swift in Sources */,
			);
			runOnlyForDeploymentPostprocessing = 0;
		};
/* End PBXSourcesBuildPhase section */

/* Begin PBXVariantGroup section */
		B984CB0C249A45A80054E256 /* LaunchScreen.storyboard */ = {
			isa = PBXVariantGroup;
			children = (
				B984CB0D249A45A80054E256 /* Base */,
			);
			name = LaunchScreen.storyboard;
			sourceTree = "<group>";
		};
/* End PBXVariantGroup section */

/* Begin XCBuildConfiguration section */
		B984CB10249A45A80054E256 /* Debug */ = {
			isa = XCBuildConfiguration;
			buildSettings = {
				ALWAYS_SEARCH_USER_PATHS = NO;
				CLANG_ANALYZER_NONNULL = YES;
				CLANG_ANALYZER_NUMBER_OBJECT_CONVERSION = YES_AGGRESSIVE;
				CLANG_CXX_LANGUAGE_STANDARD = "gnu++14";
				CLANG_CXX_LIBRARY = "libc++";
				CLANG_ENABLE_MODULES = YES;
				CLANG_ENABLE_OBJC_ARC = YES;
				CLANG_ENABLE_OBJC_WEAK = YES;
				CLANG_WARN_BLOCK_CAPTURE_AUTORELEASING = YES;
				CLANG_WARN_BOOL_CONVERSION = YES;
				CLANG_WARN_COMMA = YES;
				CLANG_WARN_CONSTANT_CONVERSION = YES;
				CLANG_WARN_DEPRECATED_OBJC_IMPLEMENTATIONS = YES;
				CLANG_WARN_DIRECT_OBJC_ISA_USAGE = YES_ERROR;
				CLANG_WARN_DOCUMENTATION_COMMENTS = YES;
				CLANG_WARN_EMPTY_BODY = YES;
				CLANG_WARN_ENUM_CONVERSION = YES;
				CLANG_WARN_INFINITE_RECURSION = YES;
				CLANG_WARN_INT_CONVERSION = YES;
				CLANG_WARN_NON_LITERAL_NULL_CONVERSION = YES;
				CLANG_WARN_OBJC_IMPLICIT_RETAIN_SELF = YES;
				CLANG_WARN_OBJC_LITERAL_CONVERSION = YES;
				CLANG_WARN_OBJC_ROOT_CLASS = YES_ERROR;
				CLANG_WARN_RANGE_LOOP_ANALYSIS = YES;
				CLANG_WARN_STRICT_PROTOTYPES = YES;
				CLANG_WARN_SUSPICIOUS_MOVE = YES;
				CLANG_WARN_UNGUARDED_AVAILABILITY = YES_AGGRESSIVE;
				CLANG_WARN_UNREACHABLE_CODE = YES;
				CLANG_WARN__DUPLICATE_METHOD_MATCH = YES;
				COPY_PHASE_STRIP = NO;
				DEBUG_INFORMATION_FORMAT = dwarf;
				ENABLE_STRICT_OBJC_MSGSEND = YES;
				ENABLE_TESTABILITY = YES;
				GCC_C_LANGUAGE_STANDARD = gnu11;
				GCC_DYNAMIC_NO_PIC = NO;
				GCC_NO_COMMON_BLOCKS = YES;
				GCC_OPTIMIZATION_LEVEL = 0;
				GCC_PREPROCESSOR_DEFINITIONS = (
					"DEBUG=1",
					"$(inherited)",
				);
				GCC_WARN_64_TO_32_BIT_CONVERSION = YES;
				GCC_WARN_ABOUT_RETURN_TYPE = YES_ERROR;
				GCC_WARN_UNDECLARED_SELECTOR = YES;
				GCC_WARN_UNINITIALIZED_AUTOS = YES_AGGRESSIVE;
				GCC_WARN_UNUSED_FUNCTION = YES;
				GCC_WARN_UNUSED_VARIABLE = YES;
				IPHONEOS_DEPLOYMENT_TARGET = 13.5;
				MTL_ENABLE_DEBUG_INFO = INCLUDE_SOURCE;
				MTL_FAST_MATH = YES;
				ONLY_ACTIVE_ARCH = YES;
				SDKROOT = iphoneos;
				SWIFT_ACTIVE_COMPILATION_CONDITIONS = DEBUG;
				SWIFT_OPTIMIZATION_LEVEL = "-Onone";
			};
			name = Debug;
		};
		B984CB11249A45A80054E256 /* Release */ = {
			isa = XCBuildConfiguration;
			buildSettings = {
				ALWAYS_SEARCH_USER_PATHS = NO;
				CLANG_ANALYZER_NONNULL = YES;
				CLANG_ANALYZER_NUMBER_OBJECT_CONVERSION = YES_AGGRESSIVE;
				CLANG_CXX_LANGUAGE_STANDARD = "gnu++14";
				CLANG_CXX_LIBRARY = "libc++";
				CLANG_ENABLE_MODULES = YES;
				CLANG_ENABLE_OBJC_ARC = YES;
				CLANG_ENABLE_OBJC_WEAK = YES;
				CLANG_WARN_BLOCK_CAPTURE_AUTORELEASING = YES;
				CLANG_WARN_BOOL_CONVERSION = YES;
				CLANG_WARN_COMMA = YES;
				CLANG_WARN_CONSTANT_CONVERSION = YES;
				CLANG_WARN_DEPRECATED_OBJC_IMPLEMENTATIONS = YES;
				CLANG_WARN_DIRECT_OBJC_ISA_USAGE = YES_ERROR;
				CLANG_WARN_DOCUMENTATION_COMMENTS = YES;
				CLANG_WARN_EMPTY_BODY = YES;
				CLANG_WARN_ENUM_CONVERSION = YES;
				CLANG_WARN_INFINITE_RECURSION = YES;
				CLANG_WARN_INT_CONVERSION = YES;
				CLANG_WARN_NON_LITERAL_NULL_CONVERSION = YES;
				CLANG_WARN_OBJC_IMPLICIT_RETAIN_SELF = YES;
				CLANG_WARN_OBJC_LITERAL_CONVERSION = YES;
				CLANG_WARN_OBJC_ROOT_CLASS = YES_ERROR;
				CLANG_WARN_RANGE_LOOP_ANALYSIS = YES;
				CLANG_WARN_STRICT_PROTOTYPES = YES;
				CLANG_WARN_SUSPICIOUS_MOVE = YES;
				CLANG_WARN_UNGUARDED_AVAILABILITY = YES_AGGRESSIVE;
				CLANG_WARN_UNREACHABLE_CODE = YES;
				CLANG_WARN__DUPLICATE_METHOD_MATCH = YES;
				COPY_PHASE_STRIP = NO;
				DEBUG_INFORMATION_FORMAT = "dwarf-with-dsym";
				ENABLE_NS_ASSERTIONS = NO;
				ENABLE_STRICT_OBJC_MSGSEND = YES;
				GCC_C_LANGUAGE_STANDARD = gnu11;
				GCC_NO_COMMON_BLOCKS = YES;
				GCC_WARN_64_TO_32_BIT_CONVERSION = YES;
				GCC_WARN_ABOUT_RETURN_TYPE = YES_ERROR;
				GCC_WARN_UNDECLARED_SELECTOR = YES;
				GCC_WARN_UNINITIALIZED_AUTOS = YES_AGGRESSIVE;
				GCC_WARN_UNUSED_FUNCTION = YES;
				GCC_WARN_UNUSED_VARIABLE = YES;
				IPHONEOS_DEPLOYMENT_TARGET = 13.5;
				MTL_ENABLE_DEBUG_INFO = NO;
				MTL_FAST_MATH = YES;
				SDKROOT = iphoneos;
				SWIFT_COMPILATION_MODE = wholemodule;
				SWIFT_OPTIMIZATION_LEVEL = "-O";
				VALIDATE_PRODUCT = YES;
			};
			name = Release;
		};
		B984CB13249A45A80054E256 /* Debug */ = {
			isa = XCBuildConfiguration;
			buildSettings = {
				ASSETCATALOG_COMPILER_APPICON_NAME = AppIcon;
				CODE_SIGN_STYLE = Automatic;
				DEVELOPMENT_ASSET_PATHS = "\"Landmarks/Preview Content\"";
				ENABLE_PREVIEWS = YES;
				INFOPLIST_FILE = Landmarks/Info.plist;
				LD_RUNPATH_SEARCH_PATHS = (
					"$(inherited)",
					"@executable_path/Frameworks",
				);
				PRODUCT_BUNDLE_IDENTIFIER = com.example.Landmarks;
				PRODUCT_NAME = "$(TARGET_NAME)";
				SWIFT_VERSION = 5.0;
				TARGETED_DEVICE_FAMILY = "1,2";
			};
			name = Debug;
		};
		B984CB14249A45A80054E256 /* Release */ = {
			isa = XCBuildConfiguration;
			buildSettings = {
				ASSETCATALOG_COMPILER_APPICON_NAME = AppIcon;
				CODE_SIGN_STYLE = Automatic;
				DEVELOPMENT_ASSET_PATHS = "\"Landmarks/Preview Content\"";
				ENABLE_PREVIEWS = YES;
				INFOPLIST_FILE = Landmarks/Info.plist;
				LD_RUNPATH_SEARCH_PATHS = (
					"$(inherited)",
					"@executable_path/Frameworks",
				);
				PRODUCT_BUNDLE_IDENTIFIER = com.example.Landmarks;
				PRODUCT_NAME = "$(TARGET_NAME)";
				SWIFT_VERSION = 5.0;
				TARGETED_DEVICE_FAMILY = "1,2";
			};
			name = Release;
		};
/* End XCBuildConfiguration section */

/* Begin XCConfigurationList section */
		B984CAF9249A45A60054E256 /* Build configuration list for PBXProject "Landmarks" */ = {
			isa = XCConfigurationList;
			buildConfigurations = (
				B984CB10249A45A80054E256 /* Debug */,
				B984CB11249A45A80054E256 /* Release */,
			);
			defaultConfigurationIsVisible = 0;
			defaultConfigurationName = Release;
		};
		B984CB12249A45A80054E256 /* Build configuration list for PBXNativeTarget "Landmarks" */ = {
			isa = XCConfigurationList;
			buildConfigurations = (
				B984CB13249A45A80054E256 /* Debug */,
				B984CB14249A45A80054E256 /* Release */,
			);
			defaultConfigurationIsVisible = 0;
			defaultConfigurationName = Release;
		};
/* End XCConfigurationList section */
	};
	rootObject = B984CAF6249A45A60054E256 /* Project object */;
}
